// !$*UTF8*$!
{
	archiveVersion = 1;
	classes = {
	};
	objectVersion = 56;
	objects = {

/* Begin PBXBuildFile section */
		4DCAB27C295D67C900923A14 /* AppDelegate.swift in Sources */ = {isa = PBXBuildFile; fileRef = 4DCAB27B295D67C900923A14 /* AppDelegate.swift */; };
		4DCAB27E295D67C900923A14 /* SceneDelegate.swift in Sources */ = {isa = PBXBuildFile; fileRef = 4DCAB27D295D67C900923A14 /* SceneDelegate.swift */; };
		4DCAB280295D67C900923A14 /* ViewController.swift in Sources */ = {isa = PBXBuildFile; fileRef = 4DCAB27F295D67C900923A14 /* ViewController.swift */; };
		4DCAB283295D67C900923A14 /* Main.storyboard in Resources */ = {isa = PBXBuildFile; fileRef = 4DCAB281295D67C900923A14 /* Main.storyboard */; };
		4DCAB285295D67CB00923A14 /* Assets.xcassets in Resources */ = {isa = PBXBuildFile; fileRef = 4DCAB284295D67CB00923A14 /* Assets.xcassets */; };
		4DCAB288295D67CB00923A14 /* LaunchScreen.storyboard in Resources */ = {isa = PBXBuildFile; fileRef = 4DCAB286295D67CB00923A14 /* LaunchScreen.storyboard */; };
		4DCAB291295D751200923A14 /* WebKit.framework in Frameworks */ = {isa = PBXBuildFile; fileRef = 4DCAB290295D751100923A14 /* WebKit.framework */; };
		4DCAB293295D76FA00923A14 /* PopUp.storyboard in Resources */ = {isa = PBXBuildFile; fileRef = 4DCAB292295D76FA00923A14 /* PopUp.storyboard */; };
		4DCAB295295D7BC300923A14 /* PopUpViewController.swift in Sources */ = {isa = PBXBuildFile; fileRef = 4DCAB294295D7BC300923A14 /* PopUpViewController.swift */; };
/* End PBXBuildFile section */

/* Begin PBXFileReference section */
		4DCAB278295D67C900923A14 /* PopUpChallenage.app */ = {isa = PBXFileReference; explicitFileType = wrapper.application; includeInIndex = 0; path = PopUpChallenage.app; sourceTree = BUILT_PRODUCTS_DIR; };
		4DCAB27B295D67C900923A14 /* AppDelegate.swift */ = {isa = PBXFileReference; lastKnownFileType = sourcecode.swift; path = AppDelegate.swift; sourceTree = "<group>"; };
		4DCAB27D295D67C900923A14 /* SceneDelegate.swift */ = {isa = PBXFileReference; lastKnownFileType = sourcecode.swift; path = SceneDelegate.swift; sourceTree = "<group>"; };
		4DCAB27F295D67C900923A14 /* ViewController.swift */ = {isa = PBXFileReference; lastKnownFileType = sourcecode.swift; path = ViewController.swift; sourceTree = "<group>"; };
		4DCAB282295D67C900923A14 /* Base */ = {isa = PBXFileReference; lastKnownFileType = file.storyboard; name = Base; path = Base.lproj/Main.storyboard; sourceTree = "<group>"; };
		4DCAB284295D67CB00923A14 /* Assets.xcassets */ = {isa = PBXFileReference; lastKnownFileType = folder.assetcatalog; path = Assets.xcassets; sourceTree = "<group>"; };
		4DCAB287295D67CB00923A14 /* Base */ = {isa = PBXFileReference; lastKnownFileType = file.storyboard; name = Base; path = Base.lproj/LaunchScreen.storyboard; sourceTree = "<group>"; };
		4DCAB289295D67CB00923A14 /* Info.plist */ = {isa = PBXFileReference; lastKnownFileType = text.plist.xml; path = Info.plist; sourceTree = "<group>"; };
		4DCAB290295D751100923A14 /* WebKit.framework */ = {isa = PBXFileReference; lastKnownFileType = wrapper.framework; name = WebKit.framework; path = System/Library/Frameworks/WebKit.framework; sourceTree = SDKROOT; };
		4DCAB292295D76FA00923A14 /* PopUp.storyboard */ = {isa = PBXFileReference; lastKnownFileType = file.storyboard; path = PopUp.storyboard; sourceTree = "<group>"; };
		4DCAB294295D7BC300923A14 /* PopUpViewController.swift */ = {isa = PBXFileReference; lastKnownFileType = sourcecode.swift; path = PopUpViewController.swift; sourceTree = "<group>"; };
/* End PBXFileReference section */

/* Begin PBXFrameworksBuildPhase section */
		4DCAB275295D67C900923A14 /* Frameworks */ = {
			isa = PBXFrameworksBuildPhase;
			buildActionMask = 2147483647;
			files = (
				4DCAB291295D751200923A14 /* WebKit.framework in Frameworks */,
			);
			runOnlyForDeploymentPostprocessing = 0;
		};
/* End PBXFrameworksBuildPhase section */

/* Begin PBXGroup section */
		4DCAB26F295D67C800923A14 = {
			isa = PBXGroup;
			children = (
				4DCAB27A295D67C900923A14 /* PopUpChallenage */,
				4DCAB279295D67C900923A14 /* Products */,
				4DCAB28F295D751100923A14 /* Frameworks */,
			);
			sourceTree = "<group>";
		};
		4DCAB279295D67C900923A14 /* Products */ = {
			isa = PBXGroup;
			children = (
				4DCAB278295D67C900923A14 /* PopUpChallenage.app */,
			);
			name = Products;
			sourceTree = "<group>";
		};
		4DCAB27A295D67C900923A14 /* PopUpChallenage */ = {
			isa = PBXGroup;
			children = (
				4DCAB27B295D67C900923A14 /* AppDelegate.swift */,
				4DCAB27D295D67C900923A14 /* SceneDelegate.swift */,
				4DCAB27F295D67C900923A14 /* ViewController.swift */,
				4DCAB294295D7BC300923A14 /* PopUpViewController.swift */,
				4DCAB281295D67C900923A14 /* Main.storyboard */,
				4DCAB292295D76FA00923A14 /* PopUp.storyboard */,
				4DCAB284295D67CB00923A14 /* Assets.xcassets */,
				4DCAB286295D67CB00923A14 /* LaunchScreen.storyboard */,
				4DCAB289295D67CB00923A14 /* Info.plist */,
			);
			path = PopUpChallenage;
			sourceTree = "<group>";
		};
		4DCAB28F295D751100923A14 /* Frameworks */ = {
			isa = PBXGroup;
			children = (
				4DCAB290295D751100923A14 /* WebKit.framework */,
			);
			name = Frameworks;
			sourceTree = "<group>";
		};
/* End PBXGroup section */

/* Begin PBXNativeTarget section */
		4DCAB277295D67C900923A14 /* PopUpChallenage */ = {
			isa = PBXNativeTarget;
			buildConfigurationList = 4DCAB28C295D67CB00923A14 /* Build configuration list for PBXNativeTarget "PopUpChallenage" */;
			buildPhases = (
				4DCAB274295D67C900923A14 /* Sources */,
				4DCAB275295D67C900923A14 /* Frameworks */,
				4DCAB276295D67C900923A14 /* Resources */,
			);
			buildRules = (
			);
			dependencies = (
			);
			name = PopUpChallenage;
			productName = PopUpChallenage;
			productReference = 4DCAB278295D67C900923A14 /* PopUpChallenage.app */;
			productType = "com.apple.product-type.application";
		};
/* End PBXNativeTarget section */

/* Begin PBXProject section */
		4DCAB270295D67C900923A14 /* Project object */ = {
			isa = PBXProject;
			attributes = {
				BuildIndependentTargetsInParallel = 1;
				LastSwiftUpdateCheck = 1410;
				LastUpgradeCheck = 1410;
				TargetAttributes = {
					4DCAB277295D67C900923A14 = {
						CreatedOnToolsVersion = 14.1;
					};
				};
			};
			buildConfigurationList = 4DCAB273295D67C900923A14 /* Build configuration list for PBXProject "PopUpChallenage" */;
			compatibilityVersion = "Xcode 14.0";
			developmentRegion = en;
			hasScannedForEncodings = 0;
			knownRegions = (
				en,
				Base,
			);
			mainGroup = 4DCAB26F295D67C800923A14;
			productRefGroup = 4DCAB279295D67C900923A14 /* Products */;
			projectDirPath = "";
			projectRoot = "";
			targets = (
				4DCAB277295D67C900923A14 /* PopUpChallenage */,
			);
		};
/* End PBXProject section */

/* Begin PBXResourcesBuildPhase section */
		4DCAB276295D67C900923A14 /* Resources */ = {
			isa = PBXResourcesBuildPhase;
			buildActionMask = 2147483647;
			files = (
				4DCAB288295D67CB00923A14 /* LaunchScreen.storyboard in Resources */,
				4DCAB285295D67CB00923A14 /* Assets.xcassets in Resources */,
				4DCAB283295D67C900923A14 /* Main.storyboard in Resources */,
				4DCAB293295D76FA00923A14 /* PopUp.storyboard in Resources */,
			);
			runOnlyForDeploymentPostprocessing = 0;
		};
/* End PBXResourcesBuildPhase section */

/* Begin PBXSourcesBuildPhase section */
		4DCAB274295D67C900923A14 /* Sources */ = {
			isa = PBXSourcesBuildPhase;
			buildActionMask = 2147483647;
			files = (
				4DCAB280295D67C900923A14 /* ViewController.swift in Sources */,
				4DCAB27C295D67C900923A14 /* AppDelegate.swift in Sources */,
				4DCAB27E295D67C900923A14 /* SceneDelegate.swift in Sources */,
				4DCAB295295D7BC300923A14 /* PopUpViewController.swift in Sources */,
			);
			runOnlyForDeploymentPostprocessing = 0;
		};
/* End PBXSourcesBuildPhase section */

/* Begin PBXVariantGroup section */
		4DCAB281295D67C900923A14 /* Main.storyboard */ = {
			isa = PBXVariantGroup;
			children = (
				4DCAB282295D67C900923A14 /* Base */,
			);
			name = Main.storyboard;
			sourceTree = "<group>";
		};
		4DCAB286295D67CB00923A14 /* LaunchScreen.storyboard */ = {
			isa = PBXVariantGroup;
			children = (
				4DCAB287295D67CB00923A14 /* Base */,
			);
			name = LaunchScreen.storyboard;
			sourceTree = "<group>";
		};
/* End PBXVariantGroup section */

/* Begin XCBuildConfiguration section */
		4DCAB28A295D67CB00923A14 /* Debug */ = {
			isa = XCBuildConfiguration;
			buildSettings = {
				ALWAYS_SEARCH_USER_PATHS = NO;
				CLANG_ANALYZER_NONNULL = YES;
				CLANG_ANALYZER_NUMBER_OBJECT_CONVERSION = YES_AGGRESSIVE;
				CLANG_CXX_LANGUAGE_STANDARD = "gnu++20";
				CLANG_ENABLE_MODULES = YES;
				CLANG_ENABLE_OBJC_ARC = YES;
				CLANG_ENABLE_OBJC_WEAK = YES;
				CLANG_WARN_BLOCK_CAPTURE_AUTORELEASING = YES;
				CLANG_WARN_BOOL_CONVERSION = YES;
				CLANG_WARN_COMMA = YES;
				CLANG_WARN_CONSTANT_CONVERSION = YES;
				CLANG_WARN_DEPRECATED_OBJC_IMPLEMENTATIONS = YES;
				CLANG_WARN_DIRECT_OBJC_ISA_USAGE = YES_ERROR;
				CLANG_WARN_DOCUMENTATION_COMMENTS = YES;
				CLANG_WARN_EMPTY_BODY = YES;
				CLANG_WARN_ENUM_CONVERSION = YES;
				CLANG_WARN_INFINITE_RECURSION = YES;
				CLANG_WARN_INT_CONVERSION = YES;
				CLANG_WARN_NON_LITERAL_NULL_CONVERSION = YES;
				CLANG_WARN_OBJC_IMPLICIT_RETAIN_SELF = YES;
				CLANG_WARN_OBJC_LITERAL_CONVERSION = YES;
				CLANG_WARN_OBJC_ROOT_CLASS = YES_ERROR;
				CLANG_WARN_QUOTED_INCLUDE_IN_FRAMEWORK_HEADER = YES;
				CLANG_WARN_RANGE_LOOP_ANALYSIS = YES;
				CLANG_WARN_STRICT_PROTOTYPES = YES;
				CLANG_WARN_SUSPICIOUS_MOVE = YES;
				CLANG_WARN_UNGUARDED_AVAILABILITY = YES_AGGRESSIVE;
				CLANG_WARN_UNREACHABLE_CODE = YES;
				CLANG_WARN__DUPLICATE_METHOD_MATCH = YES;
				COPY_PHASE_STRIP = NO;
				DEBUG_INFORMATION_FORMAT = dwarf;
				ENABLE_STRICT_OBJC_MSGSEND = YES;
				ENABLE_TESTABILITY = YES;
				GCC_C_LANGUAGE_STANDARD = gnu11;
				GCC_DYNAMIC_NO_PIC = NO;
				GCC_NO_COMMON_BLOCKS = YES;
				GCC_OPTIMIZATION_LEVEL = 0;
				GCC_PREPROCESSOR_DEFINITIONS = (
					"DEBUG=1",
					"$(inherited)",
				);
				GCC_WARN_64_TO_32_BIT_CONVERSION = YES;
				GCC_WARN_ABOUT_RETURN_TYPE = YES_ERROR;
				GCC_WARN_UNDECLARED_SELECTOR = YES;
				GCC_WARN_UNINITIALIZED_AUTOS = YES_AGGRESSIVE;
				GCC_WARN_UNUSED_FUNCTION = YES;
				GCC_WARN_UNUSED_VARIABLE = YES;
				IPHONEOS_DEPLOYMENT_TARGET = 16.1;
				MTL_ENABLE_DEBUG_INFO = INCLUDE_SOURCE;
				MTL_FAST_MATH = YES;
				ONLY_ACTIVE_ARCH = YES;
				SDKROOT = iphoneos;
				SWIFT_ACTIVE_COMPILATION_CONDITIONS = DEBUG;
				SWIFT_OPTIMIZATION_LEVEL = "-Onone";
			};
			name = Debug;
		};
		4DCAB28B295D67CB00923A14 /* Release */ = {
			isa = XCBuildConfiguration;
			buildSettings = {
				ALWAYS_SEARCH_USER_PATHS = NO;
				CLANG_ANALYZER_NONNULL = YES;
				CLANG_ANALYZER_NUMBER_OBJECT_CONVERSION = YES_AGGRESSIVE;
				CLANG_CXX_LANGUAGE_STANDARD = "gnu++20";
				CLANG_ENABLE_MODULES = YES;
				CLANG_ENABLE_OBJC_ARC = YES;
				CLANG_ENABLE_OBJC_WEAK = YES;
				CLANG_WARN_BLOCK_CAPTURE_AUTORELEASING = YES;
				CLANG_WARN_BOOL_CONVERSION = YES;
				CLANG_WARN_COMMA = YES;
				CLANG_WARN_CONSTANT_CONVERSION = YES;
				CLANG_WARN_DEPRECATED_OBJC_IMPLEMENTATIONS = YES;
				CLANG_WARN_DIRECT_OBJC_ISA_USAGE = YES_ERROR;
				CLANG_WARN_DOCUMENTATION_COMMENTS = YES;
				CLANG_WARN_EMPTY_BODY = YES;
				CLANG_WARN_ENUM_CONVERSION = YES;
				CLANG_WARN_INFINITE_RECURSION = YES;
				CLANG_WARN_INT_CONVERSION = YES;
				CLANG_WARN_NON_LITERAL_NULL_CONVERSION = YES;
				CLANG_WARN_OBJC_IMPLICIT_RETAIN_SELF = YES;
				CLANG_WARN_OBJC_LITERAL_CONVERSION = YES;
				CLANG_WARN_OBJC_ROOT_CLASS = YES_ERROR;
				CLANG_WARN_QUOTED_INCLUDE_IN_FRAMEWORK_HEADER = YES;
				CLANG_WARN_RANGE_LOOP_ANALYSIS = YES;
				CLANG_WARN_STRICT_PROTOTYPES = YES;
				CLANG_WARN_SUSPICIOUS_MOVE = YES;
				CLANG_WARN_UNGUARDED_AVAILABILITY = YES_AGGRESSIVE;
				CLANG_WARN_UNREACHABLE_CODE = YES;
				CLANG_WARN__DUPLICATE_METHOD_MATCH = YES;
				COPY_PHASE_STRIP = NO;
				DEBUG_INFORMATION_FORMAT = "dwarf-with-dsym";
				ENABLE_NS_ASSERTIONS = NO;
				ENABLE_STRICT_OBJC_MSGSEND = YES;
				GCC_C_LANGUAGE_STANDARD = gnu11;
				GCC_NO_COMMON_BLOCKS = YES;
				GCC_WARN_64_TO_32_BIT_CONVERSION = YES;
				GCC_WARN_ABOUT_RETURN_TYPE = YES_ERROR;
				GCC_WARN_UNDECLARED_SELECTOR = YES;
				GCC_WARN_UNINITIALIZED_AUTOS = YES_AGGRESSIVE;
				GCC_WARN_UNUSED_FUNCTION = YES;
				GCC_WARN_UNUSED_VARIABLE = YES;
				IPHONEOS_DEPLOYMENT_TARGET = 16.1;
				MTL_ENABLE_DEBUG_INFO = NO;
				MTL_FAST_MATH = YES;
				SDKROOT = iphoneos;
				SWIFT_COMPILATION_MODE = wholemodule;
				SWIFT_OPTIMIZATION_LEVEL = "-O";
				VALIDATE_PRODUCT = YES;
			};
			name = Release;
		};
		4DCAB28D295D67CB00923A14 /* Debug */ = {
			isa = XCBuildConfiguration;
			buildSettings = {
				ASSETCATALOG_COMPILER_APPICON_NAME = AppIcon;
				ASSETCATALOG_COMPILER_GLOBAL_ACCENT_COLOR_NAME = AccentColor;
				CODE_SIGN_STYLE = Automatic;
				CURRENT_PROJECT_VERSION = 1;
				DEVELOPMENT_TEAM = DSRQ5VPU2Y;
				GENERATE_INFOPLIST_FILE = YES;
				INFOPLIST_FILE = PopUpChallenage/Info.plist;
				INFOPLIST_KEY_UIApplicationSupportsIndirectInputEvents = YES;
				INFOPLIST_KEY_UILaunchStoryboardName = LaunchScreen;
				INFOPLIST_KEY_UIMainStoryboardFile = Main;
				INFOPLIST_KEY_UISupportedInterfaceOrientations_iPad = "UIInterfaceOrientationPortrait UIInterfaceOrientationPortraitUpsideDown UIInterfaceOrientationLandscapeLeft UIInterfaceOrientationLandscapeRight";
				INFOPLIST_KEY_UISupportedInterfaceOrientations_iPhone = "UIInterfaceOrientationPortrait UIInterfaceOrientationLandscapeLeft UIInterfaceOrientationLandscapeRight";
				LD_RUNPATH_SEARCH_PATHS = (
					"$(inherited)",
					"@executable_path/Frameworks",
				);
				MARKETING_VERSION = 1.0;
				PRODUCT_BUNDLE_IDENTIFIER = com.rayoung.PopUpChallenage;
				PRODUCT_NAME = "$(TARGET_NAME)";
				SWIFT_EMIT_LOC_STRINGS = YES;
				SWIFT_VERSION = 5.0;
				TARGETED_DEVICE_FAMILY = "1,2";
			};
			name = Debug;
		};
		4DCAB28E295D67CB00923A14 /* Release */ = {
			isa = XCBuildConfiguration;
			buildSettings = {
				ASSETCATALOG_COMPILER_APPICON_NAME = AppIcon;
				ASSETCATALOG_COMPILER_GLOBAL_ACCENT_COLOR_NAME = AccentColor;
				CODE_SIGN_STYLE = Automatic;
				CURRENT_PROJECT_VERSION = 1;
				DEVELOPMENT_TEAM = DSRQ5VPU2Y;
				GENERATE_INFOPLIST_FILE = YES;
				INFOPLIST_FILE = PopUpChallenage/Info.plist;
				INFOPLIST_KEY_UIApplicationSupportsIndirectInputEvents = YES;
				INFOPLIST_KEY_UILaunchStoryboardName = LaunchScreen;
				INFOPLIST_KEY_UIMainStoryboardFile = Main;
				INFOPLIST_KEY_UISupportedInterfaceOrientations_iPad = "UIInterfaceOrientationPortrait UIInterfaceOrientationPortraitUpsideDown UIInterfaceOrientationLandscapeLeft UIInterfaceOrientationLandscapeRight";
				INFOPLIST_KEY_UISupportedInterfaceOrientations_iPhone = "UIInterfaceOrientationPortrait UIInterfaceOrientationLandscapeLeft UIInterfaceOrientationLandscapeRight";
				LD_RUNPATH_SEARCH_PATHS = (
					"$(inherited)",
					"@executable_path/Frameworks",
				);
				MARKETING_VERSION = 1.0;
				PRODUCT_BUNDLE_IDENTIFIER = com.rayoung.PopUpChallenage;
				PRODUCT_NAME = "$(TARGET_NAME)";
				SWIFT_EMIT_LOC_STRINGS = YES;
				SWIFT_VERSION = 5.0;
				TARGETED_DEVICE_FAMILY = "1,2";
			};
			name = Release;
		};
/* End XCBuildConfiguration section */

/* Begin XCConfigurationList section */
		4DCAB273295D67C900923A14 /* Build configuration list for PBXProject "PopUpChallenage" */ = {
			isa = XCConfigurationList;
			buildConfigurations = (
				4DCAB28A295D67CB00923A14 /* Debug */,
				4DCAB28B295D67CB00923A14 /* Release */,
			);
			defaultConfigurationIsVisible = 0;
			defaultConfigurationName = Release;
		};
		4DCAB28C295D67CB00923A14 /* Build configuration list for PBXNativeTarget "PopUpChallenage" */ = {
			isa = XCConfigurationList;
			buildConfigurations = (
				4DCAB28D295D67CB00923A14 /* Debug */,
				4DCAB28E295D67CB00923A14 /* Release */,
			);
			defaultConfigurationIsVisible = 0;
			defaultConfigurationName = Release;
		};
/* End XCConfigurationList section */
	};
	rootObject = 4DCAB270295D67C900923A14 /* Project object */;
}
